
Microsoft Visual Studio Solution File, Format Version 12.00
Project("{FAE04EC0-301F-11D3-BF4B-00C04F79EFBC}") = "sistema-bancario", "sistema-bancario\sistema-bancario.csproj", "{E304F672-A642-40DF-8E4A-17F37733601E}"
EndProject
Global
	GlobalSection(SolutionConfigurationPlatforms) = preSolution
		Debug|Any CPU = Debug|Any CPU
		Release|Any CPU = Release|Any CPU
	EndGlobalSection
	GlobalSection(ProjectConfigurationPlatforms) = postSolution
		{E304F672-A642-40DF-8E4A-17F37733601E}.Debug|Any CPU.ActiveCfg = Debug|Any CPU
		{E304F672-A642-40DF-8E4A-17F37733601E}.Debug|Any CPU.Build.0 = Debug|Any CPU
		{E304F672-A642-40DF-8E4A-17F37733601E}.Release|Any CPU.ActiveCfg = Release|Any CPU
		{E304F672-A642-40DF-8E4A-17F37733601E}.Release|Any CPU.Build.0 = Release|Any CPU
	EndGlobalSection
EndGlobal
